// !$*UTF8*$!
{
	archiveVersion = 1;
	classes = {
	};
	objectVersion = 56;
	objects = {

/* Begin PBXBuildFile section */
		DF05A2BF2D262B290066B578 /* dysGoApp.swift in Sources */ = {isa = PBXBuildFile; fileRef = DF05A2BE2D262B290066B578 /* dysGoApp.swift */; };
		DFF234222D2624C300007B50 /* ProfileViewModel.swift in Sources */ = {isa = PBXBuildFile; fileRef = DFF234122D2624C300007B50 /* ProfileViewModel.swift */; };
		DFF234232D2624C300007B50 /* Assets.xcassets in Resources */ = {isa = PBXBuildFile; fileRef = DFF234142D2624C300007B50 /* Assets.xcassets */; };
		DFF234242D2624C300007B50 /* MarketplaceModels.swift in Sources */ = {isa = PBXBuildFile; fileRef = DFF234162D2624C300007B50 /* MarketplaceModels.swift */; };
		DFF234252D2624C300007B50 /* SearchView.swift in Sources */ = {isa = PBXBuildFile; fileRef = DFF234182D2624C300007B50 /* SearchView.swift */; };
		DFF234262D2624C300007B50 /* FavoriteView.swift in Sources */ = {isa = PBXBuildFile; fileRef = DFF234192D2624C300007B50 /* FavoriteView.swift */; };
		DFF234272D2624C300007B50 /* ProfileView.swift in Sources */ = {isa = PBXBuildFile; fileRef = DFF2341A2D2624C300007B50 /* ProfileView.swift */; };
		DFF234282D2624C300007B50 /* LoginView.swift in Sources */ = {isa = PBXBuildFile; fileRef = DFF2341B2D2624C300007B50 /* LoginView.swift */; };
		DFF234292D2624C300007B50 /* TrendingView.swift in Sources */ = {isa = PBXBuildFile; fileRef = DFF2341C2D2624C300007B50 /* TrendingView.swift */; };
		DFF2342A2D2624C300007B50 /* LoginPromptView.swift in Sources */ = {isa = PBXBuildFile; fileRef = DFF2341D2D2624C300007B50 /* LoginPromptView.swift */; };
		DFF2342B2D2624C300007B50 /* AccountView.swift in Sources */ = {isa = PBXBuildFile; fileRef = DFF2341E2D2624C300007B50 /* AccountView.swift */; };
		DFF2342C2D2624C300007B50 /* ProfileSupportingViews.swift in Sources */ = {isa = PBXBuildFile; fileRef = DFF2341F2D2624C300007B50 /* ProfileSupportingViews.swift */; };
		DFF2342D2D2624C300007B50 /* SignUpView.swift in Sources */ = {isa = PBXBuildFile; fileRef = DFF234202D2624C300007B50 /* SignUpView.swift */; };
		DFF2342E2D2624C300007B50 /* ContentView.swift in Sources */ = {isa = PBXBuildFile; fileRef = DFF234212D2624C300007B50 /* ContentView.swift */; };
		DFF234332D2626C100007B50 /* Preview Assets.xcassets in Resources */ = {isa = PBXBuildFile; fileRef = DFF234322D2626C100007B50 /* Preview Assets.xcassets */; };
/* End PBXBuildFile section */

/* Begin PBXFileReference section */
		DF05A2BE2D262B290066B578 /* dysGoApp.swift */ = {isa = PBXFileReference; lastKnownFileType = sourcecode.swift; path = dysGoApp.swift; sourceTree = "<group>"; };
		DF277B182D1E7863000CD9F7 /* dyeGo.app */ = {isa = PBXFileReference; explicitFileType = wrapper.application; includeInIndex = 0; path = dyeGo.app; sourceTree = BUILT_PRODUCTS_DIR; };
		DFF234122D2624C300007B50 /* ProfileViewModel.swift */ = {isa = PBXFileReference; fileEncoding = 4; lastKnownFileType = sourcecode.swift; path = ProfileViewModel.swift; sourceTree = "<group>"; };
		DFF234142D2624C300007B50 /* Assets.xcassets */ = {isa = PBXFileReference; lastKnownFileType = folder.assetcatalog; path = Assets.xcassets; sourceTree = "<group>"; };
		DFF234162D2624C300007B50 /* MarketplaceModels.swift */ = {isa = PBXFileReference; fileEncoding = 4; lastKnownFileType = sourcecode.swift; path = MarketplaceModels.swift; sourceTree = "<group>"; };
		DFF234182D2624C300007B50 /* SearchView.swift */ = {isa = PBXFileReference; fileEncoding = 4; lastKnownFileType = sourcecode.swift; path = SearchView.swift; sourceTree = "<group>"; };
		DFF234192D2624C300007B50 /* FavoriteView.swift */ = {isa = PBXFileReference; fileEncoding = 4; lastKnownFileType = sourcecode.swift; path = FavoriteView.swift; sourceTree = "<group>"; };
		DFF2341A2D2624C300007B50 /* ProfileView.swift */ = {isa = PBXFileReference; fileEncoding = 4; lastKnownFileType = sourcecode.swift; path = ProfileView.swift; sourceTree = "<group>"; };
		DFF2341B2D2624C300007B50 /* LoginView.swift */ = {isa = PBXFileReference; fileEncoding = 4; lastKnownFileType = sourcecode.swift; path = LoginView.swift; sourceTree = "<group>"; };
		DFF2341C2D2624C300007B50 /* TrendingView.swift */ = {isa = PBXFileReference; fileEncoding = 4; lastKnownFileType = sourcecode.swift; path = TrendingView.swift; sourceTree = "<group>"; };
		DFF2341D2D2624C300007B50 /* LoginPromptView.swift */ = {isa = PBXFileReference; fileEncoding = 4; lastKnownFileType = sourcecode.swift; path = LoginPromptView.swift; sourceTree = "<group>"; };
		DFF2341E2D2624C300007B50 /* AccountView.swift */ = {isa = PBXFileReference; fileEncoding = 4; lastKnownFileType = sourcecode.swift; path = AccountView.swift; sourceTree = "<group>"; };
		DFF2341F2D2624C300007B50 /* ProfileSupportingViews.swift */ = {isa = PBXFileReference; fileEncoding = 4; lastKnownFileType = sourcecode.swift; path = ProfileSupportingViews.swift; sourceTree = "<group>"; };
		DFF234202D2624C300007B50 /* SignUpView.swift */ = {isa = PBXFileReference; fileEncoding = 4; lastKnownFileType = sourcecode.swift; path = SignUpView.swift; sourceTree = "<group>"; };
		DFF234212D2624C300007B50 /* ContentView.swift */ = {isa = PBXFileReference; fileEncoding = 4; lastKnownFileType = sourcecode.swift; path = ContentView.swift; sourceTree = "<group>"; };
		DFF234322D2626C100007B50 /* Preview Assets.xcassets */ = {isa = PBXFileReference; lastKnownFileType = folder.assetcatalog; path = "Preview Assets.xcassets"; sourceTree = "<group>"; };
/* End PBXFileReference section */

/* Begin PBXFrameworksBuildPhase section */
		DF277B152D1E7863000CD9F7 /* Frameworks */ = {
			isa = PBXFrameworksBuildPhase;
			buildActionMask = 2147483647;
			files = (
			);
			runOnlyForDeploymentPostprocessing = 0;
		};
/* End PBXFrameworksBuildPhase section */

/* Begin PBXGroup section */
		DF277B0F2D1E7863000CD9F7 = {
			isa = PBXGroup;
			children = (
				DFF234102D2624C300007B50 /* dyeGo */,
				DF277B192D1E7863000CD9F7 /* Products */,
			);
			sourceTree = "<group>";
		};
		DF277B192D1E7863000CD9F7 /* Products */ = {
			isa = PBXGroup;
			children = (
				DF277B182D1E7863000CD9F7 /* dyeGo.app */,
			);
			name = Products;
			sourceTree = "<group>";
		};
		DFF234102D2624C300007B50 /* dyeGo */ = {
			isa = PBXGroup;
			children = (
				DFF234312D2626C100007B50 /* Preview Content */,
				DFF234112D2624C300007B50 /* ViewModels */,
				DFF234152D2624C300007B50 /* Models */,
				DFF234172D2624C300007B50 /* Views */,
				DFF234132D2624C300007B50 /* Others */,
			);
			path = dyeGo;
			sourceTree = "<group>";
		};
		DFF234112D2624C300007B50 /* ViewModels */ = {
			isa = PBXGroup;
			children = (
				DFF234122D2624C300007B50 /* ProfileViewModel.swift */,
			);
			path = ViewModels;
			sourceTree = "<group>";
		};
		DFF234132D2624C300007B50 /* Others */ = {
			isa = PBXGroup;
			children = (
				DFF234142D2624C300007B50 /* Assets.xcassets */,
				DF05A2BE2D262B290066B578 /* dysGoApp.swift */,
			);
			path = Others;
			sourceTree = "<group>";
		};
		DFF234152D2624C300007B50 /* Models */ = {
			isa = PBXGroup;
			children = (
				DFF234162D2624C300007B50 /* MarketplaceModels.swift */,
			);
			path = Models;
			sourceTree = "<group>";
		};
		DFF234172D2624C300007B50 /* Views */ = {
			isa = PBXGroup;
			children = (
				DFF234182D2624C300007B50 /* SearchView.swift */,
				DFF234192D2624C300007B50 /* FavoriteView.swift */,
				DFF2341A2D2624C300007B50 /* ProfileView.swift */,
				DFF2341B2D2624C300007B50 /* LoginView.swift */,
				DFF2341C2D2624C300007B50 /* TrendingView.swift */,
				DFF2341D2D2624C300007B50 /* LoginPromptView.swift */,
				DFF2341E2D2624C300007B50 /* AccountView.swift */,
				DFF2341F2D2624C300007B50 /* ProfileSupportingViews.swift */,
				DFF234202D2624C300007B50 /* SignUpView.swift */,
				DFF234212D2624C300007B50 /* ContentView.swift */,
			);
			path = Views;
			sourceTree = "<group>";
		};
		DFF234312D2626C100007B50 /* Preview Content */ = {
			isa = PBXGroup;
			children = (
				DFF234322D2626C100007B50 /* Preview Assets.xcassets */,
			);
			path = "Preview Content";
			sourceTree = "<group>";
		};
/* End PBXGroup section */

/* Begin PBXNativeTarget section */
		DF277B172D1E7863000CD9F7 /* dyeGo */ = {
			isa = PBXNativeTarget;
			buildConfigurationList = DF277B262D1E7865000CD9F7 /* Build configuration list for PBXNativeTarget "dyeGo" */;
			buildPhases = (
				DF277B142D1E7863000CD9F7 /* Sources */,
				DF277B152D1E7863000CD9F7 /* Frameworks */,
				DF277B162D1E7863000CD9F7 /* Resources */,
			);
			buildRules = (
			);
			dependencies = (
			);
			name = dyeGo;
			productName = dyeGo;
			productReference = DF277B182D1E7863000CD9F7 /* dyeGo.app */;
			productType = "com.apple.product-type.application";
		};
/* End PBXNativeTarget section */

/* Begin PBXProject section */
		DF277B102D1E7863000CD9F7 /* Project object */ = {
			isa = PBXProject;
			attributes = {
				BuildIndependentTargetsInParallel = 1;
				LastSwiftUpdateCheck = 1520;
				LastUpgradeCheck = 1520;
				TargetAttributes = {
					DF277B172D1E7863000CD9F7 = {
						CreatedOnToolsVersion = 15.2;
					};
				};
			};
			buildConfigurationList = DF277B132D1E7863000CD9F7 /* Build configuration list for PBXProject "dyeGo" */;
			compatibilityVersion = "Xcode 14.0";
			developmentRegion = en;
			hasScannedForEncodings = 0;
			knownRegions = (
				en,
				Base,
			);
			mainGroup = DF277B0F2D1E7863000CD9F7;
			productRefGroup = DF277B192D1E7863000CD9F7 /* Products */;
			projectDirPath = "";
			projectRoot = "";
			targets = (
				DF277B172D1E7863000CD9F7 /* dyeGo */,
			);
		};
/* End PBXProject section */

/* Begin PBXResourcesBuildPhase section */
		DF277B162D1E7863000CD9F7 /* Resources */ = {
			isa = PBXResourcesBuildPhase;
			buildActionMask = 2147483647;
			files = (
				DFF234332D2626C100007B50 /* Preview Assets.xcassets in Resources */,
				DFF234232D2624C300007B50 /* Assets.xcassets in Resources */,
			);
			runOnlyForDeploymentPostprocessing = 0;
		};
/* End PBXResourcesBuildPhase section */

/* Begin PBXSourcesBuildPhase section */
		DF277B142D1E7863000CD9F7 /* Sources */ = {
			isa = PBXSourcesBuildPhase;
			buildActionMask = 2147483647;
			files = (
				DFF234292D2624C300007B50 /* TrendingView.swift in Sources */,
				DFF2342C2D2624C300007B50 /* ProfileSupportingViews.swift in Sources */,
				DFF2342E2D2624C300007B50 /* ContentView.swift in Sources */,
				DFF234282D2624C300007B50 /* LoginView.swift in Sources */,
				DFF234262D2624C300007B50 /* FavoriteView.swift in Sources */,
				DFF234222D2624C300007B50 /* ProfileViewModel.swift in Sources */,
				DF05A2BF2D262B290066B578 /* dysGoApp.swift in Sources */,
				DFF2342D2D2624C300007B50 /* SignUpView.swift in Sources */,
				DFF234272D2624C300007B50 /* ProfileView.swift in Sources */,
				DFF234252D2624C300007B50 /* SearchView.swift in Sources */,
				DFF2342B2D2624C300007B50 /* AccountView.swift in Sources */,
				DFF2342A2D2624C300007B50 /* LoginPromptView.swift in Sources */,
				DFF234242D2624C300007B50 /* MarketplaceModels.swift in Sources */,
			);
			runOnlyForDeploymentPostprocessing = 0;
		};
/* End PBXSourcesBuildPhase section */

/* Begin XCBuildConfiguration section */
		DF277B242D1E7865000CD9F7 /* Debug */ = {
			isa = XCBuildConfiguration;
			buildSettings = {
				ALWAYS_SEARCH_USER_PATHS = NO;
				ASSETCATALOG_COMPILER_GENERATE_SWIFT_ASSET_SYMBOL_EXTENSIONS = YES;
				CLANG_ANALYZER_NONNULL = YES;
				CLANG_ANALYZER_NUMBER_OBJECT_CONVERSION = YES_AGGRESSIVE;
				CLANG_CXX_LANGUAGE_STANDARD = "gnu++20";
				CLANG_ENABLE_MODULES = YES;
				CLANG_ENABLE_OBJC_ARC = YES;
				CLANG_ENABLE_OBJC_WEAK = YES;
				CLANG_WARN_BLOCK_CAPTURE_AUTORELEASING = YES;
				CLANG_WARN_BOOL_CONVERSION = YES;
				CLANG_WARN_COMMA = YES;
				CLANG_WARN_CONSTANT_CONVERSION = YES;
				CLANG_WARN_DEPRECATED_OBJC_IMPLEMENTATIONS = YES;
				CLANG_WARN_DIRECT_OBJC_ISA_USAGE = YES_ERROR;
				CLANG_WARN_DOCUMENTATION_COMMENTS = YES;
				CLANG_WARN_EMPTY_BODY = YES;
				CLANG_WARN_ENUM_CONVERSION = YES;
				CLANG_WARN_INFINITE_RECURSION = YES;
				CLANG_WARN_INT_CONVERSION = YES;
				CLANG_WARN_NON_LITERAL_NULL_CONVERSION = YES;
				CLANG_WARN_OBJC_IMPLICIT_RETAIN_SELF = YES;
				CLANG_WARN_OBJC_LITERAL_CONVERSION = YES;
				CLANG_WARN_OBJC_ROOT_CLASS = YES_ERROR;
				CLANG_WARN_QUOTED_INCLUDE_IN_FRAMEWORK_HEADER = YES;
				CLANG_WARN_RANGE_LOOP_ANALYSIS = YES;
				CLANG_WARN_STRICT_PROTOTYPES = YES;
				CLANG_WARN_SUSPICIOUS_MOVE = YES;
				CLANG_WARN_UNGUARDED_AVAILABILITY = YES_AGGRESSIVE;
				CLANG_WARN_UNREACHABLE_CODE = YES;
				CLANG_WARN__DUPLICATE_METHOD_MATCH = YES;
				COPY_PHASE_STRIP = NO;
				DEBUG_INFORMATION_FORMAT = dwarf;
				ENABLE_STRICT_OBJC_MSGSEND = YES;
				ENABLE_TESTABILITY = YES;
				ENABLE_USER_SCRIPT_SANDBOXING = YES;
				GCC_C_LANGUAGE_STANDARD = gnu17;
				GCC_DYNAMIC_NO_PIC = NO;
				GCC_NO_COMMON_BLOCKS = YES;
				GCC_OPTIMIZATION_LEVEL = 0;
				GCC_PREPROCESSOR_DEFINITIONS = (
					"DEBUG=1",
					"$(inherited)",
				);
				GCC_WARN_64_TO_32_BIT_CONVERSION = YES;
				GCC_WARN_ABOUT_RETURN_TYPE = YES_ERROR;
				GCC_WARN_UNDECLARED_SELECTOR = YES;
				GCC_WARN_UNINITIALIZED_AUTOS = YES_AGGRESSIVE;
				GCC_WARN_UNUSED_FUNCTION = YES;
				GCC_WARN_UNUSED_VARIABLE = YES;
				IPHONEOS_DEPLOYMENT_TARGET = 17.2;
				LOCALIZATION_PREFERS_STRING_CATALOGS = YES;
				MTL_ENABLE_DEBUG_INFO = INCLUDE_SOURCE;
				MTL_FAST_MATH = YES;
				ONLY_ACTIVE_ARCH = YES;
				SDKROOT = iphoneos;
				SWIFT_ACTIVE_COMPILATION_CONDITIONS = "DEBUG $(inherited)";
				SWIFT_OPTIMIZATION_LEVEL = "-Onone";
			};
			name = Debug;
		};
		DF277B252D1E7865000CD9F7 /* Release */ = {
			isa = XCBuildConfiguration;
			buildSettings = {
				ALWAYS_SEARCH_USER_PATHS = NO;
				ASSETCATALOG_COMPILER_GENERATE_SWIFT_ASSET_SYMBOL_EXTENSIONS = YES;
				CLANG_ANALYZER_NONNULL = YES;
				CLANG_ANALYZER_NUMBER_OBJECT_CONVERSION = YES_AGGRESSIVE;
				CLANG_CXX_LANGUAGE_STANDARD = "gnu++20";
				CLANG_ENABLE_MODULES = YES;
				CLANG_ENABLE_OBJC_ARC = YES;
				CLANG_ENABLE_OBJC_WEAK = YES;
				CLANG_WARN_BLOCK_CAPTURE_AUTORELEASING = YES;
				CLANG_WARN_BOOL_CONVERSION = YES;
				CLANG_WARN_COMMA = YES;
				CLANG_WARN_CONSTANT_CONVERSION = YES;
				CLANG_WARN_DEPRECATED_OBJC_IMPLEMENTATIONS = YES;
				CLANG_WARN_DIRECT_OBJC_ISA_USAGE = YES_ERROR;
				CLANG_WARN_DOCUMENTATION_COMMENTS = YES;
				CLANG_WARN_EMPTY_BODY = YES;
				CLANG_WARN_ENUM_CONVERSION = YES;
				CLANG_WARN_INFINITE_RECURSION = YES;
				CLANG_WARN_INT_CONVERSION = YES;
				CLANG_WARN_NON_LITERAL_NULL_CONVERSION = YES;
				CLANG_WARN_OBJC_IMPLICIT_RETAIN_SELF = YES;
				CLANG_WARN_OBJC_LITERAL_CONVERSION = YES;
				CLANG_WARN_OBJC_ROOT_CLASS = YES_ERROR;
				CLANG_WARN_QUOTED_INCLUDE_IN_FRAMEWORK_HEADER = YES;
				CLANG_WARN_RANGE_LOOP_ANALYSIS = YES;
				CLANG_WARN_STRICT_PROTOTYPES = YES;
				CLANG_WARN_SUSPICIOUS_MOVE = YES;
				CLANG_WARN_UNGUARDED_AVAILABILITY = YES_AGGRESSIVE;
				CLANG_WARN_UNREACHABLE_CODE = YES;
				CLANG_WARN__DUPLICATE_METHOD_MATCH = YES;
				COPY_PHASE_STRIP = NO;
				DEBUG_INFORMATION_FORMAT = "dwarf-with-dsym";
				ENABLE_NS_ASSERTIONS = NO;
				ENABLE_STRICT_OBJC_MSGSEND = YES;
				ENABLE_USER_SCRIPT_SANDBOXING = YES;
				GCC_C_LANGUAGE_STANDARD = gnu17;
				GCC_NO_COMMON_BLOCKS = YES;
				GCC_WARN_64_TO_32_BIT_CONVERSION = YES;
				GCC_WARN_ABOUT_RETURN_TYPE = YES_ERROR;
				GCC_WARN_UNDECLARED_SELECTOR = YES;
				GCC_WARN_UNINITIALIZED_AUTOS = YES_AGGRESSIVE;
				GCC_WARN_UNUSED_FUNCTION = YES;
				GCC_WARN_UNUSED_VARIABLE = YES;
				IPHONEOS_DEPLOYMENT_TARGET = 17.2;
				LOCALIZATION_PREFERS_STRING_CATALOGS = YES;
				MTL_ENABLE_DEBUG_INFO = NO;
				MTL_FAST_MATH = YES;
				SDKROOT = iphoneos;
				SWIFT_COMPILATION_MODE = wholemodule;
				VALIDATE_PRODUCT = YES;
			};
			name = Release;
		};
		DF277B272D1E7865000CD9F7 /* Debug */ = {
			isa = XCBuildConfiguration;
			buildSettings = {
				ASSETCATALOG_COMPILER_APPICON_NAME = AppIcon;
				ASSETCATALOG_COMPILER_GLOBAL_ACCENT_COLOR_NAME = AccentColor;
				CODE_SIGN_STYLE = Automatic;
				CURRENT_PROJECT_VERSION = 1;
				DEVELOPMENT_ASSET_PATHS = "";
				ENABLE_PREVIEWS = YES;
				GENERATE_INFOPLIST_FILE = YES;
				INFOPLIST_KEY_UIApplicationSceneManifest_Generation = YES;
				INFOPLIST_KEY_UIApplicationSupportsIndirectInputEvents = YES;
				INFOPLIST_KEY_UILaunchScreen_Generation = YES;
				INFOPLIST_KEY_UISupportedInterfaceOrientations_iPad = "UIInterfaceOrientationPortrait UIInterfaceOrientationPortraitUpsideDown UIInterfaceOrientationLandscapeLeft UIInterfaceOrientationLandscapeRight";
				INFOPLIST_KEY_UISupportedInterfaceOrientations_iPhone = "UIInterfaceOrientationPortrait UIInterfaceOrientationLandscapeLeft UIInterfaceOrientationLandscapeRight";
				LD_RUNPATH_SEARCH_PATHS = (
					"$(inherited)",
					"@executable_path/Frameworks",
				);
				MARKETING_VERSION = 1.0;
				PRODUCT_BUNDLE_IDENTIFIER = pingyujc.dyeGo;
				PRODUCT_NAME = "$(TARGET_NAME)";
				SWIFT_EMIT_LOC_STRINGS = YES;
				SWIFT_VERSION = 5.0;
				TARGETED_DEVICE_FAMILY = "1,2";
			};
			name = Debug;
		};
		DF277B282D1E7865000CD9F7 /* Release */ = {
			isa = XCBuildConfiguration;
			buildSettings = {
				ASSETCATALOG_COMPILER_APPICON_NAME = AppIcon;
				ASSETCATALOG_COMPILER_GLOBAL_ACCENT_COLOR_NAME = AccentColor;
				CODE_SIGN_STYLE = Automatic;
				CURRENT_PROJECT_VERSION = 1;
				DEVELOPMENT_ASSET_PATHS = "";
				ENABLE_PREVIEWS = YES;
				GENERATE_INFOPLIST_FILE = YES;
				INFOPLIST_KEY_UIApplicationSceneManifest_Generation = YES;
				INFOPLIST_KEY_UIApplicationSupportsIndirectInputEvents = YES;
				INFOPLIST_KEY_UILaunchScreen_Generation = YES;
				INFOPLIST_KEY_UISupportedInterfaceOrientations_iPad = "UIInterfaceOrientationPortrait UIInterfaceOrientationPortraitUpsideDown UIInterfaceOrientationLandscapeLeft UIInterfaceOrientationLandscapeRight";
				INFOPLIST_KEY_UISupportedInterfaceOrientations_iPhone = "UIInterfaceOrientationPortrait UIInterfaceOrientationLandscapeLeft UIInterfaceOrientationLandscapeRight";
				LD_RUNPATH_SEARCH_PATHS = (
					"$(inherited)",
					"@executable_path/Frameworks",
				);
				MARKETING_VERSION = 1.0;
				PRODUCT_BUNDLE_IDENTIFIER = pingyujc.dyeGo;
				PRODUCT_NAME = "$(TARGET_NAME)";
				SWIFT_EMIT_LOC_STRINGS = YES;
				SWIFT_VERSION = 5.0;
				TARGETED_DEVICE_FAMILY = "1,2";
			};
			name = Release;
		};
/* End XCBuildConfiguration section */

/* Begin XCConfigurationList section */
		DF277B132D1E7863000CD9F7 /* Build configuration list for PBXProject "dyeGo" */ = {
			isa = XCConfigurationList;
			buildConfigurations = (
				DF277B242D1E7865000CD9F7 /* Debug */,
				DF277B252D1E7865000CD9F7 /* Release */,
			);
			defaultConfigurationIsVisible = 0;
			defaultConfigurationName = Release;
		};
		DF277B262D1E7865000CD9F7 /* Build configuration list for PBXNativeTarget "dyeGo" */ = {
			isa = XCConfigurationList;
			buildConfigurations = (
				DF277B272D1E7865000CD9F7 /* Debug */,
				DF277B282D1E7865000CD9F7 /* Release */,
			);
			defaultConfigurationIsVisible = 0;
			defaultConfigurationName = Release;
		};
/* End XCConfigurationList section */
	};
	rootObject = DF277B102D1E7863000CD9F7 /* Project object */;
}
